// !$*UTF8*$!
{
	archiveVersion = 1;
	classes = {
	};
	objectVersion = 50;
	objects = {

/* Begin PBXBuildFile section */
		27CDED7321E87CCA00C4287C /* Beam.h in Headers */ = {isa = PBXBuildFile; fileRef = 27CDED7121E87CCA00C4287C /* Beam.h */; settings = {ATTRIBUTES = (Public, ); }; };
		27CDED8421E87D2800C4287C /* Task.swift in Sources */ = {isa = PBXBuildFile; fileRef = 27CDED7B21E87D2700C4287C /* Task.swift */; };
		27CDED8521E87D2800C4287C /* Token.swift in Sources */ = {isa = PBXBuildFile; fileRef = 27CDED7C21E87D2700C4287C /* Token.swift */; };
		27CDED8621E87D2800C4287C /* Response.swift in Sources */ = {isa = PBXBuildFile; fileRef = 27CDED7D21E87D2700C4287C /* Response.swift */; };
		27CDED8721E87D2800C4287C /* Environment.swift in Sources */ = {isa = PBXBuildFile; fileRef = 27CDED7E21E87D2700C4287C /* Environment.swift */; };
		27CDED8821E87D2800C4287C /* Authentication.swift in Sources */ = {isa = PBXBuildFile; fileRef = 27CDED7F21E87D2700C4287C /* Authentication.swift */; };
		27CDED8921E87D2800C4287C /* Request.swift in Sources */ = {isa = PBXBuildFile; fileRef = 27CDED8021E87D2700C4287C /* Request.swift */; };
		27CDED8A21E87D2800C4287C /* Service.swift in Sources */ = {isa = PBXBuildFile; fileRef = 27CDED8121E87D2700C4287C /* Service.swift */; };
		27CDED8B21E87D2800C4287C /* Status.swift in Sources */ = {isa = PBXBuildFile; fileRef = 27CDED8221E87D2800C4287C /* Status.swift */; };
		27CDED8C21E87D2800C4287C /* DefaultService.swift in Sources */ = {isa = PBXBuildFile; fileRef = 27CDED8321E87D2800C4287C /* DefaultService.swift */; };
/* End PBXBuildFile section */

/* Begin PBXFileReference section */
		27CDED6E21E87CCA00C4287C /* Beam.framework */ = {isa = PBXFileReference; explicitFileType = wrapper.framework; includeInIndex = 0; path = Beam.framework; sourceTree = BUILT_PRODUCTS_DIR; };
		27CDED7121E87CCA00C4287C /* Beam.h */ = {isa = PBXFileReference; lastKnownFileType = sourcecode.c.h; path = Beam.h; sourceTree = "<group>"; };
		27CDED7221E87CCA00C4287C /* Info.plist */ = {isa = PBXFileReference; lastKnownFileType = text.plist.xml; path = Info.plist; sourceTree = "<group>"; };
		27CDED7B21E87D2700C4287C /* Task.swift */ = {isa = PBXFileReference; fileEncoding = 4; lastKnownFileType = sourcecode.swift; path = Task.swift; sourceTree = "<group>"; };
		27CDED7C21E87D2700C4287C /* Token.swift */ = {isa = PBXFileReference; fileEncoding = 4; lastKnownFileType = sourcecode.swift; path = Token.swift; sourceTree = "<group>"; };
		27CDED7D21E87D2700C4287C /* Response.swift */ = {isa = PBXFileReference; fileEncoding = 4; lastKnownFileType = sourcecode.swift; path = Response.swift; sourceTree = "<group>"; };
		27CDED7E21E87D2700C4287C /* Environment.swift */ = {isa = PBXFileReference; fileEncoding = 4; lastKnownFileType = sourcecode.swift; path = Environment.swift; sourceTree = "<group>"; };
		27CDED7F21E87D2700C4287C /* Authentication.swift */ = {isa = PBXFileReference; fileEncoding = 4; lastKnownFileType = sourcecode.swift; path = Authentication.swift; sourceTree = "<group>"; };
		27CDED8021E87D2700C4287C /* Request.swift */ = {isa = PBXFileReference; fileEncoding = 4; lastKnownFileType = sourcecode.swift; path = Request.swift; sourceTree = "<group>"; };
		27CDED8121E87D2700C4287C /* Service.swift */ = {isa = PBXFileReference; fileEncoding = 4; lastKnownFileType = sourcecode.swift; path = Service.swift; sourceTree = "<group>"; };
		27CDED8221E87D2800C4287C /* Status.swift */ = {isa = PBXFileReference; fileEncoding = 4; lastKnownFileType = sourcecode.swift; path = Status.swift; sourceTree = "<group>"; };
		27CDED8321E87D2800C4287C /* DefaultService.swift */ = {isa = PBXFileReference; fileEncoding = 4; lastKnownFileType = sourcecode.swift; path = DefaultService.swift; sourceTree = "<group>"; };
/* End PBXFileReference section */

/* Begin PBXFrameworksBuildPhase section */
		27CDED6B21E87CCA00C4287C /* Frameworks */ = {
			isa = PBXFrameworksBuildPhase;
			buildActionMask = 2147483647;
			files = (
			);
			runOnlyForDeploymentPostprocessing = 0;
		};
/* End PBXFrameworksBuildPhase section */

/* Begin PBXGroup section */
		27CDED6421E87CCA00C4287C = {
			isa = PBXGroup;
			children = (
				27CDED7021E87CCA00C4287C /* Beam */,
				27CDED6F21E87CCA00C4287C /* Products */,
			);
			sourceTree = "<group>";
		};
		27CDED6F21E87CCA00C4287C /* Products */ = {
			isa = PBXGroup;
			children = (
				27CDED6E21E87CCA00C4287C /* Beam.framework */,
			);
			name = Products;
			sourceTree = "<group>";
		};
		27CDED7021E87CCA00C4287C /* Beam */ = {
			isa = PBXGroup;
			children = (
				27CDED7921E87CCF00C4287C /* Source */,
				27CDED7121E87CCA00C4287C /* Beam.h */,
				27CDED7221E87CCA00C4287C /* Info.plist */,
			);
			path = Beam;
			sourceTree = "<group>";
		};
		27CDED7921E87CCF00C4287C /* Source */ = {
			isa = PBXGroup;
			children = (
				27CDED7F21E87D2700C4287C /* Authentication.swift */,
				27CDED8321E87D2800C4287C /* DefaultService.swift */,
				27CDED7E21E87D2700C4287C /* Environment.swift */,
				27CDED8021E87D2700C4287C /* Request.swift */,
				27CDED7D21E87D2700C4287C /* Response.swift */,
				27CDED8121E87D2700C4287C /* Service.swift */,
				27CDED8221E87D2800C4287C /* Status.swift */,
				27CDED7B21E87D2700C4287C /* Task.swift */,
				27CDED7C21E87D2700C4287C /* Token.swift */,
			);
			path = Source;
			sourceTree = "<group>";
		};
/* End PBXGroup section */

/* Begin PBXHeadersBuildPhase section */
		27CDED6921E87CCA00C4287C /* Headers */ = {
			isa = PBXHeadersBuildPhase;
			buildActionMask = 2147483647;
			files = (
				27CDED7321E87CCA00C4287C /* Beam.h in Headers */,
			);
			runOnlyForDeploymentPostprocessing = 0;
		};
/* End PBXHeadersBuildPhase section */

/* Begin PBXNativeTarget section */
		27CDED6D21E87CCA00C4287C /* Beam */ = {
			isa = PBXNativeTarget;
			buildConfigurationList = 27CDED7621E87CCA00C4287C /* Build configuration list for PBXNativeTarget "Beam" */;
			buildPhases = (
				27CDED6921E87CCA00C4287C /* Headers */,
				27CDED6A21E87CCA00C4287C /* Sources */,
				27CDED6B21E87CCA00C4287C /* Frameworks */,
				27CDED6C21E87CCA00C4287C /* Resources */,
			);
			buildRules = (
			);
			dependencies = (
			);
			name = Beam;
			productName = Beam;
			productReference = 27CDED6E21E87CCA00C4287C /* Beam.framework */;
			productType = "com.apple.product-type.framework";
		};
/* End PBXNativeTarget section */

/* Begin PBXProject section */
		27CDED6521E87CCA00C4287C /* Project object */ = {
			isa = PBXProject;
			attributes = {
				LastUpgradeCheck = 1010;
				ORGANIZATIONNAME = "Kyle Begeman";
				TargetAttributes = {
					27CDED6D21E87CCA00C4287C = {
						CreatedOnToolsVersion = 10.1;
						LastSwiftMigration = 1010;
					};
				};
			};
			buildConfigurationList = 27CDED6821E87CCA00C4287C /* Build configuration list for PBXProject "Beam" */;
			compatibilityVersion = "Xcode 9.3";
			developmentRegion = en;
			hasScannedForEncodings = 0;
			knownRegions = (
				en,
			);
			mainGroup = 27CDED6421E87CCA00C4287C;
			productRefGroup = 27CDED6F21E87CCA00C4287C /* Products */;
			projectDirPath = "";
			projectRoot = "";
			targets = (
				27CDED6D21E87CCA00C4287C /* Beam */,
			);
		};
/* End PBXProject section */

/* Begin PBXResourcesBuildPhase section */
		27CDED6C21E87CCA00C4287C /* Resources */ = {
			isa = PBXResourcesBuildPhase;
			buildActionMask = 2147483647;
			files = (
			);
			runOnlyForDeploymentPostprocessing = 0;
		};
/* End PBXResourcesBuildPhase section */

/* Begin PBXSourcesBuildPhase section */
		27CDED6A21E87CCA00C4287C /* Sources */ = {
			isa = PBXSourcesBuildPhase;
			buildActionMask = 2147483647;
			files = (
				27CDED8421E87D2800C4287C /* Task.swift in Sources */,
				27CDED8A21E87D2800C4287C /* Service.swift in Sources */,
				27CDED8921E87D2800C4287C /* Request.swift in Sources */,
				27CDED8B21E87D2800C4287C /* Status.swift in Sources */,
				27CDED8C21E87D2800C4287C /* DefaultService.swift in Sources */,
				27CDED8721E87D2800C4287C /* Environment.swift in Sources */,
				27CDED8621E87D2800C4287C /* Response.swift in Sources */,
				27CDED8821E87D2800C4287C /* Authentication.swift in Sources */,
				27CDED8521E87D2800C4287C /* Token.swift in Sources */,
			);
			runOnlyForDeploymentPostprocessing = 0;
		};
/* End PBXSourcesBuildPhase section */

/* Begin XCBuildConfiguration section */
		27CDED7421E87CCA00C4287C /* Debug */ = {
			isa = XCBuildConfiguration;
			buildSettings = {
				ALWAYS_SEARCH_USER_PATHS = NO;
				CLANG_ANALYZER_NONNULL = YES;
				CLANG_ANALYZER_NUMBER_OBJECT_CONVERSION = YES_AGGRESSIVE;
				CLANG_CXX_LANGUAGE_STANDARD = "gnu++14";
				CLANG_CXX_LIBRARY = "libc++";
				CLANG_ENABLE_MODULES = YES;
				CLANG_ENABLE_OBJC_ARC = YES;
				CLANG_ENABLE_OBJC_WEAK = YES;
				CLANG_WARN_BLOCK_CAPTURE_AUTORELEASING = YES;
				CLANG_WARN_BOOL_CONVERSION = YES;
				CLANG_WARN_COMMA = YES;
				CLANG_WARN_CONSTANT_CONVERSION = YES;
				CLANG_WARN_DEPRECATED_OBJC_IMPLEMENTATIONS = YES;
				CLANG_WARN_DIRECT_OBJC_ISA_USAGE = YES_ERROR;
				CLANG_WARN_DOCUMENTATION_COMMENTS = YES;
				CLANG_WARN_EMPTY_BODY = YES;
				CLANG_WARN_ENUM_CONVERSION = YES;
				CLANG_WARN_INFINITE_RECURSION = YES;
				CLANG_WARN_INT_CONVERSION = YES;
				CLANG_WARN_NON_LITERAL_NULL_CONVERSION = YES;
				CLANG_WARN_OBJC_IMPLICIT_RETAIN_SELF = YES;
				CLANG_WARN_OBJC_LITERAL_CONVERSION = YES;
				CLANG_WARN_OBJC_ROOT_CLASS = YES_ERROR;
				CLANG_WARN_RANGE_LOOP_ANALYSIS = YES;
				CLANG_WARN_STRICT_PROTOTYPES = YES;
				CLANG_WARN_SUSPICIOUS_MOVE = YES;
				CLANG_WARN_UNGUARDED_AVAILABILITY = YES_AGGRESSIVE;
				CLANG_WARN_UNREACHABLE_CODE = YES;
				CLANG_WARN__DUPLICATE_METHOD_MATCH = YES;
				CODE_SIGN_IDENTITY = "iPhone Developer";
				COPY_PHASE_STRIP = NO;
				CURRENT_PROJECT_VERSION = 1;
				DEBUG_INFORMATION_FORMAT = dwarf;
				ENABLE_STRICT_OBJC_MSGSEND = YES;
				ENABLE_TESTABILITY = YES;
				GCC_C_LANGUAGE_STANDARD = gnu11;
				GCC_DYNAMIC_NO_PIC = NO;
				GCC_NO_COMMON_BLOCKS = YES;
				GCC_OPTIMIZATION_LEVEL = 0;
				GCC_PREPROCESSOR_DEFINITIONS = (
					"DEBUG=1",
					"$(inherited)",
				);
				GCC_WARN_64_TO_32_BIT_CONVERSION = YES;
				GCC_WARN_ABOUT_RETURN_TYPE = YES_ERROR;
				GCC_WARN_UNDECLARED_SELECTOR = YES;
				GCC_WARN_UNINITIALIZED_AUTOS = YES_AGGRESSIVE;
				GCC_WARN_UNUSED_FUNCTION = YES;
				GCC_WARN_UNUSED_VARIABLE = YES;
				IPHONEOS_DEPLOYMENT_TARGET = 12.1;
				MTL_ENABLE_DEBUG_INFO = INCLUDE_SOURCE;
				MTL_FAST_MATH = YES;
				ONLY_ACTIVE_ARCH = YES;
				SDKROOT = iphoneos;
				SWIFT_ACTIVE_COMPILATION_CONDITIONS = DEBUG;
				SWIFT_OPTIMIZATION_LEVEL = "-Onone";
				VERSIONING_SYSTEM = "apple-generic";
				VERSION_INFO_PREFIX = "";
			};
			name = Debug;
		};
		27CDED7521E87CCA00C4287C /* Release */ = {
			isa = XCBuildConfiguration;
			buildSettings = {
				ALWAYS_SEARCH_USER_PATHS = NO;
				CLANG_ANALYZER_NONNULL = YES;
				CLANG_ANALYZER_NUMBER_OBJECT_CONVERSION = YES_AGGRESSIVE;
				CLANG_CXX_LANGUAGE_STANDARD = "gnu++14";
				CLANG_CXX_LIBRARY = "libc++";
				CLANG_ENABLE_MODULES = YES;
				CLANG_ENABLE_OBJC_ARC = YES;
				CLANG_ENABLE_OBJC_WEAK = YES;
				CLANG_WARN_BLOCK_CAPTURE_AUTORELEASING = YES;
				CLANG_WARN_BOOL_CONVERSION = YES;
				CLANG_WARN_COMMA = YES;
				CLANG_WARN_CONSTANT_CONVERSION = YES;
				CLANG_WARN_DEPRECATED_OBJC_IMPLEMENTATIONS = YES;
				CLANG_WARN_DIRECT_OBJC_ISA_USAGE = YES_ERROR;
				CLANG_WARN_DOCUMENTATION_COMMENTS = YES;
				CLANG_WARN_EMPTY_BODY = YES;
				CLANG_WARN_ENUM_CONVERSION = YES;
				CLANG_WARN_INFINITE_RECURSION = YES;
				CLANG_WARN_INT_CONVERSION = YES;
				CLANG_WARN_NON_LITERAL_NULL_CONVERSION = YES;
				CLANG_WARN_OBJC_IMPLICIT_RETAIN_SELF = YES;
				CLANG_WARN_OBJC_LITERAL_CONVERSION = YES;
				CLANG_WARN_OBJC_ROOT_CLASS = YES_ERROR;
				CLANG_WARN_RANGE_LOOP_ANALYSIS = YES;
				CLANG_WARN_STRICT_PROTOTYPES = YES;
				CLANG_WARN_SUSPICIOUS_MOVE = YES;
				CLANG_WARN_UNGUARDED_AVAILABILITY = YES_AGGRESSIVE;
				CLANG_WARN_UNREACHABLE_CODE = YES;
				CLANG_WARN__DUPLICATE_METHOD_MATCH = YES;
				CODE_SIGN_IDENTITY = "iPhone Developer";
				COPY_PHASE_STRIP = NO;
				CURRENT_PROJECT_VERSION = 1;
				DEBUG_INFORMATION_FORMAT = "dwarf-with-dsym";
				ENABLE_NS_ASSERTIONS = NO;
				ENABLE_STRICT_OBJC_MSGSEND = YES;
				GCC_C_LANGUAGE_STANDARD = gnu11;
				GCC_NO_COMMON_BLOCKS = YES;
				GCC_WARN_64_TO_32_BIT_CONVERSION = YES;
				GCC_WARN_ABOUT_RETURN_TYPE = YES_ERROR;
				GCC_WARN_UNDECLARED_SELECTOR = YES;
				GCC_WARN_UNINITIALIZED_AUTOS = YES_AGGRESSIVE;
				GCC_WARN_UNUSED_FUNCTION = YES;
				GCC_WARN_UNUSED_VARIABLE = YES;
				IPHONEOS_DEPLOYMENT_TARGET = 12.1;
				MTL_ENABLE_DEBUG_INFO = NO;
				MTL_FAST_MATH = YES;
				SDKROOT = iphoneos;
				SWIFT_COMPILATION_MODE = wholemodule;
				SWIFT_OPTIMIZATION_LEVEL = "-O";
				VALIDATE_PRODUCT = YES;
				VERSIONING_SYSTEM = "apple-generic";
				VERSION_INFO_PREFIX = "";
			};
			name = Release;
		};
		27CDED7721E87CCA00C4287C /* Debug */ = {
			isa = XCBuildConfiguration;
			buildSettings = {
				CLANG_ENABLE_MODULES = YES;
				CODE_SIGN_IDENTITY = "";
				CODE_SIGN_STYLE = Automatic;
				DEFINES_MODULE = YES;
				DEVELOPMENT_TEAM = 2GJYKNRCG6;
				DYLIB_COMPATIBILITY_VERSION = 1;
				DYLIB_CURRENT_VERSION = 1;
				DYLIB_INSTALL_NAME_BASE = "@rpath";
				INFOPLIST_FILE = Beam/Info.plist;
				INSTALL_PATH = "$(LOCAL_LIBRARY_DIR)/Frameworks";
				LD_RUNPATH_SEARCH_PATHS = (
					"$(inherited)",
					"@executable_path/Frameworks",
					"@loader_path/Frameworks",
				);
				PRODUCT_BUNDLE_IDENTIFIER = com.kylebegeman.Beam;
				PRODUCT_NAME = "$(TARGET_NAME:c99extidentifier)";
				SKIP_INSTALL = YES;
				SWIFT_OPTIMIZATION_LEVEL = "-Onone";
				SWIFT_VERSION = 4.2;
				TARGETED_DEVICE_FAMILY = "1,2";
			};
			name = Debug;
		};
		27CDED7821E87CCA00C4287C /* Release */ = {
			isa = XCBuildConfiguration;
			buildSettings = {
				CLANG_ENABLE_MODULES = YES;
				CODE_SIGN_IDENTITY = "";
				CODE_SIGN_STYLE = Automatic;
				DEFINES_MODULE = YES;
				DEVELOPMENT_TEAM = 2GJYKNRCG6;
				DYLIB_COMPATIBILITY_VERSION = 1;
				DYLIB_CURRENT_VERSION = 1;
				DYLIB_INSTALL_NAME_BASE = "@rpath";
				INFOPLIST_FILE = Beam/Info.plist;
				INSTALL_PATH = "$(LOCAL_LIBRARY_DIR)/Frameworks";
				LD_RUNPATH_SEARCH_PATHS = (
					"$(inherited)",
					"@executable_path/Frameworks",
					"@loader_path/Frameworks",
				);
				PRODUCT_BUNDLE_IDENTIFIER = com.kylebegeman.Beam;
				PRODUCT_NAME = "$(TARGET_NAME:c99extidentifier)";
				SKIP_INSTALL = YES;
				SWIFT_VERSION = 4.2;
				TARGETED_DEVICE_FAMILY = "1,2";
			};
			name = Release;
		};
/* End XCBuildConfiguration section */

/* Begin XCConfigurationList section */
		27CDED6821E87CCA00C4287C /* Build configuration list for PBXProject "Beam" */ = {
			isa = XCConfigurationList;
			buildConfigurations = (
				27CDED7421E87CCA00C4287C /* Debug */,
				27CDED7521E87CCA00C4287C /* Release */,
			);
			defaultConfigurationIsVisible = 0;
			defaultConfigurationName = Release;
		};
		27CDED7621E87CCA00C4287C /* Build configuration list for PBXNativeTarget "Beam" */ = {
			isa = XCConfigurationList;
			buildConfigurations = (
				27CDED7721E87CCA00C4287C /* Debug */,
				27CDED7821E87CCA00C4287C /* Release */,
			);
			defaultConfigurationIsVisible = 0;
			defaultConfigurationName = Release;
		};
/* End XCConfigurationList section */
	};
	rootObject = 27CDED6521E87CCA00C4287C /* Project object */;
}
